
Microsoft Visual Studio Solution File, Format Version 12.00
# Visual Studio Version 16
VisualStudioVersion = 16.0.30907.101
MinimumVisualStudioVersion = 10.0.40219.1
Project("{FAE04EC0-301F-11D3-BF4B-00C04F79EFBC}") = "MockPractice.Web", "MockPractice.Web\MockPractice.Web.csproj", "{5347781E-EDBA-4881-9085-0F73931BFE8C}"
EndProject
Project("{FAE04EC0-301F-11D3-BF4B-00C04F79EFBC}") = "MockPractice.WebTests", "MockPractice.WebTests\MockPractice.WebTests.csproj", "{FC6A7783-35B6-4706-9058-73FDE693D923}"
EndProject
Global
	GlobalSection(SolutionConfigurationPlatforms) = preSolution
		Debug|Any CPU = Debug|Any CPU
		Release|Any CPU = Release|Any CPU
	EndGlobalSection
	GlobalSection(ProjectConfigurationPlatforms) = postSolution
		{5347781E-EDBA-4881-9085-0F73931BFE8C}.Debug|Any CPU.ActiveCfg = Debug|Any CPU
		{5347781E-EDBA-4881-9085-0F73931BFE8C}.Debug|Any CPU.Build.0 = Debug|Any CPU
		{5347781E-EDBA-4881-9085-0F73931BFE8C}.Release|Any CPU.ActiveCfg = Release|Any CPU
		{5347781E-EDBA-4881-9085-0F73931BFE8C}.Release|Any CPU.Build.0 = Release|Any CPU
		{FC6A7783-35B6-4706-9058-73FDE693D923}.Debug|Any CPU.ActiveCfg = Debug|Any CPU
		{FC6A7783-35B6-4706-9058-73FDE693D923}.Debug|Any CPU.Build.0 = Debug|Any CPU
		{FC6A7783-35B6-4706-9058-73FDE693D923}.Release|Any CPU.ActiveCfg = Release|Any CPU
		{FC6A7783-35B6-4706-9058-73FDE693D923}.Release|Any CPU.Build.0 = Release|Any CPU
	EndGlobalSection
	GlobalSection(SolutionProperties) = preSolution
		HideSolutionNode = FALSE
	EndGlobalSection
	GlobalSection(ExtensibilityGlobals) = postSolution
		SolutionGuid = {50614276-B87F-4195-A077-3BCE37057FC0}
	EndGlobalSection
EndGlobal
